
Microsoft Visual Studio Solution File, Format Version 12.00
# Visual Studio Version 17
VisualStudioVersion = 17.2.32519.379
MinimumVisualStudioVersion = 10.0.40219.1
Project("{FAE04EC0-301F-11D3-BF4B-00C04F79EFBC}") = "Model", "Model\Model.csproj", "{D17B522C-0838-4BFA-9028-B81C1FAA6228}"
EndProject
Project("{FAE04EC0-301F-11D3-BF4B-00C04F79EFBC}") = "Repository", "Repository\Repository.csproj", "{1FB87A67-C19D-4067-BFE6-FCDE4ADC210C}"
EndProject
Project("{FAE04EC0-301F-11D3-BF4B-00C04F79EFBC}") = "Service", "Service\Service.csproj", "{062A5E3F-C000-40A6-BA5B-E3FEBB774FB9}"
EndProject
Project("{FAE04EC0-301F-11D3-BF4B-00C04F79EFBC}") = "WebMVC", "MVC\WebMVC.csproj", "{791C0972-506B-482C-B710-E78F71F256F3}"
EndProject
Global
	GlobalSection(SolutionConfigurationPlatforms) = preSolution
		Debug|Any CPU = Debug|Any CPU
		Release|Any CPU = Release|Any CPU
	EndGlobalSection
	GlobalSection(ProjectConfigurationPlatforms) = postSolution
		{D17B522C-0838-4BFA-9028-B81C1FAA6228}.Debug|Any CPU.ActiveCfg = Debug|Any CPU
		{D17B522C-0838-4BFA-9028-B81C1FAA6228}.Debug|Any CPU.Build.0 = Debug|Any CPU
		{D17B522C-0838-4BFA-9028-B81C1FAA6228}.Release|Any CPU.ActiveCfg = Release|Any CPU
		{D17B522C-0838-4BFA-9028-B81C1FAA6228}.Release|Any CPU.Build.0 = Release|Any CPU
		{1FB87A67-C19D-4067-BFE6-FCDE4ADC210C}.Debug|Any CPU.ActiveCfg = Debug|Any CPU
		{1FB87A67-C19D-4067-BFE6-FCDE4ADC210C}.Debug|Any CPU.Build.0 = Debug|Any CPU
		{1FB87A67-C19D-4067-BFE6-FCDE4ADC210C}.Release|Any CPU.ActiveCfg = Release|Any CPU
		{1FB87A67-C19D-4067-BFE6-FCDE4ADC210C}.Release|Any CPU.Build.0 = Release|Any CPU
		{062A5E3F-C000-40A6-BA5B-E3FEBB774FB9}.Debug|Any CPU.ActiveCfg = Debug|Any CPU
		{062A5E3F-C000-40A6-BA5B-E3FEBB774FB9}.Debug|Any CPU.Build.0 = Debug|Any CPU
		{062A5E3F-C000-40A6-BA5B-E3FEBB774FB9}.Release|Any CPU.ActiveCfg = Release|Any CPU
		{062A5E3F-C000-40A6-BA5B-E3FEBB774FB9}.Release|Any CPU.Build.0 = Release|Any CPU
		{791C0972-506B-482C-B710-E78F71F256F3}.Debug|Any CPU.ActiveCfg = Debug|Any CPU
		{791C0972-506B-482C-B710-E78F71F256F3}.Debug|Any CPU.Build.0 = Debug|Any CPU
		{791C0972-506B-482C-B710-E78F71F256F3}.Release|Any CPU.ActiveCfg = Release|Any CPU
		{791C0972-506B-482C-B710-E78F71F256F3}.Release|Any CPU.Build.0 = Release|Any CPU
	EndGlobalSection
	GlobalSection(SolutionProperties) = preSolution
		HideSolutionNode = FALSE
	EndGlobalSection
	GlobalSection(ExtensibilityGlobals) = postSolution
		SolutionGuid = {BD7EF745-8339-4458-8506-9EFF579C755F}
	EndGlobalSection
EndGlobal
